// !$*UTF8*$!
{
	archiveVersion = 1;
	classes = {
	};
	objectVersion = 46;
	objects = {

/* Begin PBXBuildFile section */
		200703F31DEC24A900BBABE5 /* APIWeatherManager.swift in Sources */ = {isa = PBXBuildFile; fileRef = 200703F21DEC24A900BBABE5 /* APIWeatherManager.swift */; };
		200F82811DE98471002C682B /* APIManager.swift in Sources */ = {isa = PBXBuildFile; fileRef = 200F82801DE98471002C682B /* APIManager.swift */; };
		200F82831DE9902D002C682B /* ErrorManager.swift in Sources */ = {isa = PBXBuildFile; fileRef = 200F82821DE9902D002C682B /* ErrorManager.swift */; };
		20DF37FE1DE927F500C6ED54 /* AppDelegate.swift in Sources */ = {isa = PBXBuildFile; fileRef = 20DF37FD1DE927F500C6ED54 /* AppDelegate.swift */; };
		20DF38001DE927F500C6ED54 /* ViewController.swift in Sources */ = {isa = PBXBuildFile; fileRef = 20DF37FF1DE927F500C6ED54 /* ViewController.swift */; };
		20DF38031DE927F500C6ED54 /* Main.storyboard in Resources */ = {isa = PBXBuildFile; fileRef = 20DF38011DE927F500C6ED54 /* Main.storyboard */; };
		20DF38051DE927F500C6ED54 /* Assets.xcassets in Resources */ = {isa = PBXBuildFile; fileRef = 20DF38041DE927F500C6ED54 /* Assets.xcassets */; };
		20DF38081DE927F500C6ED54 /* LaunchScreen.storyboard in Resources */ = {isa = PBXBuildFile; fileRef = 20DF38061DE927F500C6ED54 /* LaunchScreen.storyboard */; };
		20DF38101DE9382C00C6ED54 /* CurrentWeather.swift in Sources */ = {isa = PBXBuildFile; fileRef = 20DF380F1DE9382C00C6ED54 /* CurrentWeather.swift */; };
		20DF38121DE93A5600C6ED54 /* WeatherIconManager.swift in Sources */ = {isa = PBXBuildFile; fileRef = 20DF38111DE93A5600C6ED54 /* WeatherIconManager.swift */; };
/* End PBXBuildFile section */

/* Begin PBXFileReference section */
		200703F21DEC24A900BBABE5 /* APIWeatherManager.swift */ = {isa = PBXFileReference; fileEncoding = 4; lastKnownFileType = sourcecode.swift; path = APIWeatherManager.swift; sourceTree = "<group>"; };
		200F82801DE98471002C682B /* APIManager.swift */ = {isa = PBXFileReference; fileEncoding = 4; lastKnownFileType = sourcecode.swift; path = APIManager.swift; sourceTree = "<group>"; };
		200F82821DE9902D002C682B /* ErrorManager.swift */ = {isa = PBXFileReference; fileEncoding = 4; lastKnownFileType = sourcecode.swift; path = ErrorManager.swift; sourceTree = "<group>"; };
		20DF37FA1DE927F500C6ED54 /* WeatherApp.app */ = {isa = PBXFileReference; explicitFileType = wrapper.application; includeInIndex = 0; path = WeatherApp.app; sourceTree = BUILT_PRODUCTS_DIR; };
		20DF37FD1DE927F500C6ED54 /* AppDelegate.swift */ = {isa = PBXFileReference; lastKnownFileType = sourcecode.swift; path = AppDelegate.swift; sourceTree = "<group>"; };
		20DF37FF1DE927F500C6ED54 /* ViewController.swift */ = {isa = PBXFileReference; lastKnownFileType = sourcecode.swift; path = ViewController.swift; sourceTree = "<group>"; };
		20DF38021DE927F500C6ED54 /* Base */ = {isa = PBXFileReference; lastKnownFileType = file.storyboard; name = Base; path = Base.lproj/Main.storyboard; sourceTree = "<group>"; };
		20DF38041DE927F500C6ED54 /* Assets.xcassets */ = {isa = PBXFileReference; lastKnownFileType = folder.assetcatalog; path = Assets.xcassets; sourceTree = "<group>"; };
		20DF38071DE927F500C6ED54 /* Base */ = {isa = PBXFileReference; lastKnownFileType = file.storyboard; name = Base; path = Base.lproj/LaunchScreen.storyboard; sourceTree = "<group>"; };
		20DF38091DE927F500C6ED54 /* Info.plist */ = {isa = PBXFileReference; lastKnownFileType = text.plist.xml; path = Info.plist; sourceTree = "<group>"; };
		20DF380F1DE9382C00C6ED54 /* CurrentWeather.swift */ = {isa = PBXFileReference; fileEncoding = 4; lastKnownFileType = sourcecode.swift; path = CurrentWeather.swift; sourceTree = "<group>"; };
		20DF38111DE93A5600C6ED54 /* WeatherIconManager.swift */ = {isa = PBXFileReference; fileEncoding = 4; lastKnownFileType = sourcecode.swift; path = WeatherIconManager.swift; sourceTree = "<group>"; };
/* End PBXFileReference section */

/* Begin PBXFrameworksBuildPhase section */
		20DF37F71DE927F500C6ED54 /* Frameworks */ = {
			isa = PBXFrameworksBuildPhase;
			buildActionMask = 2147483647;
			files = (
			);
			runOnlyForDeploymentPostprocessing = 0;
		};
/* End PBXFrameworksBuildPhase section */

/* Begin PBXGroup section */
		200F82841DE99082002C682B /* Weather model */ = {
			isa = PBXGroup;
			children = (
				20DF380F1DE9382C00C6ED54 /* CurrentWeather.swift */,
				20DF38111DE93A5600C6ED54 /* WeatherIconManager.swift */,
			);
			name = "Weather model";
			sourceTree = "<group>";
		};
		20DF37F11DE927F500C6ED54 = {
			isa = PBXGroup;
			children = (
				20DF37FC1DE927F500C6ED54 /* WeatherApp */,
				20DF37FB1DE927F500C6ED54 /* Products */,
			);
			sourceTree = "<group>";
		};
		20DF37FB1DE927F500C6ED54 /* Products */ = {
			isa = PBXGroup;
			children = (
				20DF37FA1DE927F500C6ED54 /* WeatherApp.app */,
			);
			name = Products;
			sourceTree = "<group>";
		};
		20DF37FC1DE927F500C6ED54 /* WeatherApp */ = {
			isa = PBXGroup;
			children = (
				20DF37FD1DE927F500C6ED54 /* AppDelegate.swift */,
				20DF37FF1DE927F500C6ED54 /* ViewController.swift */,
				200F82801DE98471002C682B /* APIManager.swift */,
				200703F21DEC24A900BBABE5 /* APIWeatherManager.swift */,
				200F82821DE9902D002C682B /* ErrorManager.swift */,
				200F82841DE99082002C682B /* Weather model */,
				20DF38011DE927F500C6ED54 /* Main.storyboard */,
				20DF38041DE927F500C6ED54 /* Assets.xcassets */,
				20DF38061DE927F500C6ED54 /* LaunchScreen.storyboard */,
				20DF38091DE927F500C6ED54 /* Info.plist */,
			);
			path = WeatherApp;
			sourceTree = "<group>";
		};
/* End PBXGroup section */

/* Begin PBXNativeTarget section */
		20DF37F91DE927F500C6ED54 /* WeatherApp */ = {
			isa = PBXNativeTarget;
			buildConfigurationList = 20DF380C1DE927F500C6ED54 /* Build configuration list for PBXNativeTarget "WeatherApp" */;
			buildPhases = (
				20DF37F61DE927F500C6ED54 /* Sources */,
				20DF37F71DE927F500C6ED54 /* Frameworks */,
				20DF37F81DE927F500C6ED54 /* Resources */,
			);
			buildRules = (
			);
			dependencies = (
			);
			name = WeatherApp;
			productName = WeatherApp;
			productReference = 20DF37FA1DE927F500C6ED54 /* WeatherApp.app */;
			productType = "com.apple.product-type.application";
		};
/* End PBXNativeTarget section */

/* Begin PBXProject section */
		20DF37F21DE927F500C6ED54 /* Project object */ = {
			isa = PBXProject;
			attributes = {
				LastSwiftUpdateCheck = 0810;
				LastUpgradeCheck = 0820;
				ORGANIZATIONNAME = RIM;
				TargetAttributes = {
					20DF37F91DE927F500C6ED54 = {
						CreatedOnToolsVersion = 8.1;
						DevelopmentTeam = F832FK64G4;
						ProvisioningStyle = Automatic;
					};
				};
			};
			buildConfigurationList = 20DF37F51DE927F500C6ED54 /* Build configuration list for PBXProject "WeatherApp" */;
			compatibilityVersion = "Xcode 3.2";
			developmentRegion = English;
			hasScannedForEncodings = 0;
			knownRegions = (
				en,
				Base,
			);
			mainGroup = 20DF37F11DE927F500C6ED54;
			productRefGroup = 20DF37FB1DE927F500C6ED54 /* Products */;
			projectDirPath = "";
			projectRoot = "";
			targets = (
				20DF37F91DE927F500C6ED54 /* WeatherApp */,
			);
		};
/* End PBXProject section */

/* Begin PBXResourcesBuildPhase section */
		20DF37F81DE927F500C6ED54 /* Resources */ = {
			isa = PBXResourcesBuildPhase;
			buildActionMask = 2147483647;
			files = (
				20DF38081DE927F500C6ED54 /* LaunchScreen.storyboard in Resources */,
				20DF38051DE927F500C6ED54 /* Assets.xcassets in Resources */,
				20DF38031DE927F500C6ED54 /* Main.storyboard in Resources */,
			);
			runOnlyForDeploymentPostprocessing = 0;
		};
/* End PBXResourcesBuildPhase section */

/* Begin PBXSourcesBuildPhase section */
		20DF37F61DE927F500C6ED54 /* Sources */ = {
			isa = PBXSourcesBuildPhase;
			buildActionMask = 2147483647;
			files = (
				200F82831DE9902D002C682B /* ErrorManager.swift in Sources */,
				20DF38001DE927F500C6ED54 /* ViewController.swift in Sources */,
				20DF38101DE9382C00C6ED54 /* CurrentWeather.swift in Sources */,
				200F82811DE98471002C682B /* APIManager.swift in Sources */,
				200703F31DEC24A900BBABE5 /* APIWeatherManager.swift in Sources */,
				20DF37FE1DE927F500C6ED54 /* AppDelegate.swift in Sources */,
				20DF38121DE93A5600C6ED54 /* WeatherIconManager.swift in Sources */,
			);
			runOnlyForDeploymentPostprocessing = 0;
		};
/* End PBXSourcesBuildPhase section */

/* Begin PBXVariantGroup section */
		20DF38011DE927F500C6ED54 /* Main.storyboard */ = {
			isa = PBXVariantGroup;
			children = (
				20DF38021DE927F500C6ED54 /* Base */,
			);
			name = Main.storyboard;
			sourceTree = "<group>";
		};
		20DF38061DE927F500C6ED54 /* LaunchScreen.storyboard */ = {
			isa = PBXVariantGroup;
			children = (
				20DF38071DE927F500C6ED54 /* Base */,
			);
			name = LaunchScreen.storyboard;
			sourceTree = "<group>";
		};
/* End PBXVariantGroup section */

/* Begin XCBuildConfiguration section */
		20DF380A1DE927F500C6ED54 /* Debug */ = {
			isa = XCBuildConfiguration;
			buildSettings = {
				ALWAYS_SEARCH_USER_PATHS = NO;
				CLANG_ANALYZER_NONNULL = YES;
				CLANG_CXX_LANGUAGE_STANDARD = "gnu++0x";
				CLANG_CXX_LIBRARY = "libc++";
				CLANG_ENABLE_MODULES = YES;
				CLANG_ENABLE_OBJC_ARC = YES;
				CLANG_WARN_BOOL_CONVERSION = YES;
				CLANG_WARN_CONSTANT_CONVERSION = YES;
				CLANG_WARN_DIRECT_OBJC_ISA_USAGE = YES_ERROR;
				CLANG_WARN_DOCUMENTATION_COMMENTS = YES;
				CLANG_WARN_EMPTY_BODY = YES;
				CLANG_WARN_ENUM_CONVERSION = YES;
				CLANG_WARN_INFINITE_RECURSION = YES;
				CLANG_WARN_INT_CONVERSION = YES;
				CLANG_WARN_OBJC_ROOT_CLASS = YES_ERROR;
				CLANG_WARN_SUSPICIOUS_MOVE = YES;
				CLANG_WARN_SUSPICIOUS_MOVES = YES;
				CLANG_WARN_UNREACHABLE_CODE = YES;
				CLANG_WARN__DUPLICATE_METHOD_MATCH = YES;
				"CODE_SIGN_IDENTITY[sdk=iphoneos*]" = "iPhone Developer";
				COPY_PHASE_STRIP = NO;
				DEBUG_INFORMATION_FORMAT = dwarf;
				ENABLE_STRICT_OBJC_MSGSEND = YES;
				ENABLE_TESTABILITY = YES;
				GCC_C_LANGUAGE_STANDARD = gnu99;
				GCC_DYNAMIC_NO_PIC = NO;
				GCC_NO_COMMON_BLOCKS = YES;
				GCC_OPTIMIZATION_LEVEL = 0;
				GCC_PREPROCESSOR_DEFINITIONS = (
					"DEBUG=1",
					"$(inherited)",
				);
				GCC_WARN_64_TO_32_BIT_CONVERSION = YES;
				GCC_WARN_ABOUT_RETURN_TYPE = YES_ERROR;
				GCC_WARN_UNDECLARED_SELECTOR = YES;
				GCC_WARN_UNINITIALIZED_AUTOS = YES_AGGRESSIVE;
				GCC_WARN_UNUSED_FUNCTION = YES;
				GCC_WARN_UNUSED_VARIABLE = YES;
				IPHONEOS_DEPLOYMENT_TARGET = 10.1;
				MTL_ENABLE_DEBUG_INFO = YES;
				ONLY_ACTIVE_ARCH = YES;
				SDKROOT = iphoneos;
				SWIFT_ACTIVE_COMPILATION_CONDITIONS = DEBUG;
				SWIFT_OPTIMIZATION_LEVEL = "-Onone";
			};
			name = Debug;
		};
		20DF380B1DE927F500C6ED54 /* Release */ = {
			isa = XCBuildConfiguration;
			buildSettings = {
				ALWAYS_SEARCH_USER_PATHS = NO;
				CLANG_ANALYZER_NONNULL = YES;
				CLANG_CXX_LANGUAGE_STANDARD = "gnu++0x";
				CLANG_CXX_LIBRARY = "libc++";
				CLANG_ENABLE_MODULES = YES;
				CLANG_ENABLE_OBJC_ARC = YES;
				CLANG_WARN_BOOL_CONVERSION = YES;
				CLANG_WARN_CONSTANT_CONVERSION = YES;
				CLANG_WARN_DIRECT_OBJC_ISA_USAGE = YES_ERROR;
				CLANG_WARN_DOCUMENTATION_COMMENTS = YES;
				CLANG_WARN_EMPTY_BODY = YES;
				CLANG_WARN_ENUM_CONVERSION = YES;
				CLANG_WARN_INFINITE_RECURSION = YES;
				CLANG_WARN_INT_CONVERSION = YES;
				CLANG_WARN_OBJC_ROOT_CLASS = YES_ERROR;
				CLANG_WARN_SUSPICIOUS_MOVE = YES;
				CLANG_WARN_SUSPICIOUS_MOVES = YES;
				CLANG_WARN_UNREACHABLE_CODE = YES;
				CLANG_WARN__DUPLICATE_METHOD_MATCH = YES;
				"CODE_SIGN_IDENTITY[sdk=iphoneos*]" = "iPhone Developer";
				COPY_PHASE_STRIP = NO;
				DEBUG_INFORMATION_FORMAT = "dwarf-with-dsym";
				ENABLE_NS_ASSERTIONS = NO;
				ENABLE_STRICT_OBJC_MSGSEND = YES;
				GCC_C_LANGUAGE_STANDARD = gnu99;
				GCC_NO_COMMON_BLOCKS = YES;
				GCC_WARN_64_TO_32_BIT_CONVERSION = YES;
				GCC_WARN_ABOUT_RETURN_TYPE = YES_ERROR;
				GCC_WARN_UNDECLARED_SELECTOR = YES;
				GCC_WARN_UNINITIALIZED_AUTOS = YES_AGGRESSIVE;
				GCC_WARN_UNUSED_FUNCTION = YES;
				GCC_WARN_UNUSED_VARIABLE = YES;
				IPHONEOS_DEPLOYMENT_TARGET = 10.1;
				MTL_ENABLE_DEBUG_INFO = NO;
				SDKROOT = iphoneos;
				SWIFT_OPTIMIZATION_LEVEL = "-Owholemodule";
				VALIDATE_PRODUCT = YES;
			};
			name = Release;
		};
		20DF380D1DE927F500C6ED54 /* Debug */ = {
			isa = XCBuildConfiguration;
			buildSettings = {
				ASSETCATALOG_COMPILER_APPICON_NAME = AppIcon;
				DEVELOPMENT_TEAM = F832FK64G4;
				INFOPLIST_FILE = WeatherApp/Info.plist;
				LD_RUNPATH_SEARCH_PATHS = "$(inherited) @executable_path/Frameworks";
				PRODUCT_BUNDLE_IDENTIFIER = NavyFox.WeatherApp;
				PRODUCT_NAME = "$(TARGET_NAME)";
				SWIFT_VERSION = 3.0;
			};
			name = Debug;
		};
		20DF380E1DE927F500C6ED54 /* Release */ = {
			isa = XCBuildConfiguration;
			buildSettings = {
				ASSETCATALOG_COMPILER_APPICON_NAME = AppIcon;
				DEVELOPMENT_TEAM = F832FK64G4;
				INFOPLIST_FILE = WeatherApp/Info.plist;
				LD_RUNPATH_SEARCH_PATHS = "$(inherited) @executable_path/Frameworks";
				PRODUCT_BUNDLE_IDENTIFIER = NavyFox.WeatherApp;
				PRODUCT_NAME = "$(TARGET_NAME)";
				SWIFT_VERSION = 3.0;
			};
			name = Release;
		};
/* End XCBuildConfiguration section */

/* Begin XCConfigurationList section */
		20DF37F51DE927F500C6ED54 /* Build configuration list for PBXProject "WeatherApp" */ = {
			isa = XCConfigurationList;
			buildConfigurations = (
				20DF380A1DE927F500C6ED54 /* Debug */,
				20DF380B1DE927F500C6ED54 /* Release */,
			);
			defaultConfigurationIsVisible = 0;
			defaultConfigurationName = Release;
		};
		20DF380C1DE927F500C6ED54 /* Build configuration list for PBXNativeTarget "WeatherApp" */ = {
			isa = XCConfigurationList;
			buildConfigurations = (
				20DF380D1DE927F500C6ED54 /* Debug */,
				20DF380E1DE927F500C6ED54 /* Release */,
			);
			defaultConfigurationIsVisible = 0;
			defaultConfigurationName = Release;
		};
/* End XCConfigurationList section */
	};
	rootObject = 20DF37F21DE927F500C6ED54 /* Project object */;
}
